
Microsoft Visual Studio Solution File, Format Version 12.00
# Visual Studio Version 17
VisualStudioVersion = 17.10.35013.160
MinimumVisualStudioVersion = 10.0.40219.1
Project("{9A19103F-16F7-4668-BE54-9A1E7A4F7556}") = "IpLocations.Api", "src\IpLocations.Api\IpLocations.Api.csproj", "{955318A1-30C1-4465-86C6-CF2B85764E08}"
EndProject
Project("{2150E333-8FDC-42A3-9474-1A3956D46DE8}") = "tests", "tests", "{9AF73C2F-67BF-44D2-8816-5D070020CF00}"
EndProject
Project("{2150E333-8FDC-42A3-9474-1A3956D46DE8}") = "Solution Items", "Solution Items", "{FE50D2F6-B112-4038-A8C6-786DE273EC09}"
	ProjectSection(SolutionItems) = preProject
		.github\copilot-instructions.md = .github\copilot-instructions.md
		README.md = README.md
	EndProjectSection
EndProject
Project("{2150E333-8FDC-42A3-9474-1A3956D46DE8}") = "src", "src", "{66BCF2E9-FD95-418B-A490-A9877149AEB1}"
EndProject
Project("{9A19103F-16F7-4668-BE54-9A1E7A4F7556}") = "Benchmark", "tests\Benchmark\Benchmark.csproj", "{DBA8DA54-1F27-43A9-9CE8-50E1355ACD04}"
EndProject
Project("{9A19103F-16F7-4668-BE54-9A1E7A4F7556}") = "IpLocations.IntegrationTests", "tests\IpLocations.IntegrationTests\IpLocations.IntegrationTests.csproj", "{4D6B1B45-2CCD-48FE-993A-6D56CF80EFC9}"
EndProject
Project("{9A19103F-16F7-4668-BE54-9A1E7A4F7556}") = "IpLocations.UnitTests", "tests\IpLocations.UnitTests\IpLocations.UnitTests.csproj", "{0AFAA29A-CB91-4FC2-B5C7-FE534A703C3E}"
EndProject
Global
	GlobalSection(SolutionConfigurationPlatforms) = preSolution
		Debug|Any CPU = Debug|Any CPU
		Release|Any CPU = Release|Any CPU
	EndGlobalSection
	GlobalSection(ProjectConfigurationPlatforms) = postSolution
		{955318A1-30C1-4465-86C6-CF2B85764E08}.Debug|Any CPU.ActiveCfg = Debug|Any CPU
		{955318A1-30C1-4465-86C6-CF2B85764E08}.Debug|Any CPU.Build.0 = Debug|Any CPU
		{955318A1-30C1-4465-86C6-CF2B85764E08}.Release|Any CPU.ActiveCfg = Release|Any CPU
		{955318A1-30C1-4465-86C6-CF2B85764E08}.Release|Any CPU.Build.0 = Release|Any CPU
		{DBA8DA54-1F27-43A9-9CE8-50E1355ACD04}.Debug|Any CPU.ActiveCfg = Debug|Any CPU
		{DBA8DA54-1F27-43A9-9CE8-50E1355ACD04}.Debug|Any CPU.Build.0 = Debug|Any CPU
		{DBA8DA54-1F27-43A9-9CE8-50E1355ACD04}.Release|Any CPU.ActiveCfg = Release|Any CPU
		{DBA8DA54-1F27-43A9-9CE8-50E1355ACD04}.Release|Any CPU.Build.0 = Release|Any CPU
		{4D6B1B45-2CCD-48FE-993A-6D56CF80EFC9}.Debug|Any CPU.ActiveCfg = Debug|Any CPU
		{4D6B1B45-2CCD-48FE-993A-6D56CF80EFC9}.Debug|Any CPU.Build.0 = Debug|Any CPU
		{4D6B1B45-2CCD-48FE-993A-6D56CF80EFC9}.Release|Any CPU.ActiveCfg = Release|Any CPU
		{4D6B1B45-2CCD-48FE-993A-6D56CF80EFC9}.Release|Any CPU.Build.0 = Release|Any CPU
		{0AFAA29A-CB91-4FC2-B5C7-FE534A703C3E}.Debug|Any CPU.ActiveCfg = Debug|Any CPU
		{0AFAA29A-CB91-4FC2-B5C7-FE534A703C3E}.Debug|Any CPU.Build.0 = Debug|Any CPU
		{0AFAA29A-CB91-4FC2-B5C7-FE534A703C3E}.Release|Any CPU.ActiveCfg = Release|Any CPU
		{0AFAA29A-CB91-4FC2-B5C7-FE534A703C3E}.Release|Any CPU.Build.0 = Release|Any CPU
	EndGlobalSection
	GlobalSection(SolutionProperties) = preSolution
		HideSolutionNode = FALSE
	EndGlobalSection
	GlobalSection(NestedProjects) = preSolution
		{955318A1-30C1-4465-86C6-CF2B85764E08} = {66BCF2E9-FD95-418B-A490-A9877149AEB1}
		{DBA8DA54-1F27-43A9-9CE8-50E1355ACD04} = {9AF73C2F-67BF-44D2-8816-5D070020CF00}
		{4D6B1B45-2CCD-48FE-993A-6D56CF80EFC9} = {9AF73C2F-67BF-44D2-8816-5D070020CF00}
		{0AFAA29A-CB91-4FC2-B5C7-FE534A703C3E} = {9AF73C2F-67BF-44D2-8816-5D070020CF00}
	EndGlobalSection
	GlobalSection(ExtensibilityGlobals) = postSolution
		SolutionGuid = {3D243670-8B08-4FF6-8CF0-023BC82D79B3}
	EndGlobalSection
EndGlobal
